// !$*UTF8*$!
{
	archiveVersion = 1;
	classes = {
	};
	objectVersion = 50;
	objects = {

/* Begin PBXBuildFile section */
		E64397912526731400FF8434 /* CharacterPresenter.swift in Sources */ = {isa = PBXBuildFile; fileRef = E64397902526731400FF8434 /* CharacterPresenter.swift */; };
		E6B52A1B25270FE7001C7987 /* CharacterEditForm.swift in Sources */ = {isa = PBXBuildFile; fileRef = E6B52A1A25270FE7001C7987 /* CharacterEditForm.swift */; };
		E6D59FD725260E8400054C51 /* FriendsCollectionApp.swift in Sources */ = {isa = PBXBuildFile; fileRef = E6D59FD625260E8400054C51 /* FriendsCollectionApp.swift */; };
		E6D59FD925260E8400054C51 /* ContentView.swift in Sources */ = {isa = PBXBuildFile; fileRef = E6D59FD825260E8400054C51 /* ContentView.swift */; };
		E6D59FDB25260E8800054C51 /* Assets.xcassets in Resources */ = {isa = PBXBuildFile; fileRef = E6D59FDA25260E8800054C51 /* Assets.xcassets */; };
		E6D59FDE25260E8800054C51 /* Preview Assets.xcassets in Resources */ = {isa = PBXBuildFile; fileRef = E6D59FDD25260E8800054C51 /* Preview Assets.xcassets */; };
		E6D59FE925260E8900054C51 /* FriendsCollectionTests.swift in Sources */ = {isa = PBXBuildFile; fileRef = E6D59FE825260E8900054C51 /* FriendsCollectionTests.swift */; };
		E6D59FF425260E8900054C51 /* FriendsCollectionUITests.swift in Sources */ = {isa = PBXBuildFile; fileRef = E6D59FF325260E8900054C51 /* FriendsCollectionUITests.swift */; };
		E6D5A00625260ECC00054C51 /* Character.swift in Sources */ = {isa = PBXBuildFile; fileRef = E6D5A00525260ECC00054C51 /* Character.swift */; };
		E6D5A00E25260FBA00054C51 /* CharacterDirectory.swift in Sources */ = {isa = PBXBuildFile; fileRef = E6D5A00D25260FBA00054C51 /* CharacterDirectory.swift */; };
		E6D5A0202526213700054C51 /* FriendsCharacters.json in Resources */ = {isa = PBXBuildFile; fileRef = E6D5A01F2526213700054C51 /* FriendsCharacters.json */; };
		E6D5A025252621D400054C51 /* DataConnector.swift in Sources */ = {isa = PBXBuildFile; fileRef = E6D5A024252621D400054C51 /* DataConnector.swift */; };
/* End PBXBuildFile section */

/* Begin PBXContainerItemProxy section */
		E6D59FE525260E8900054C51 /* PBXContainerItemProxy */ = {
			isa = PBXContainerItemProxy;
			containerPortal = E6D59FCB25260E8400054C51 /* Project object */;
			proxyType = 1;
			remoteGlobalIDString = E6D59FD225260E8400054C51;
			remoteInfo = FriendsCollection;
		};
		E6D59FF025260E8900054C51 /* PBXContainerItemProxy */ = {
			isa = PBXContainerItemProxy;
			containerPortal = E6D59FCB25260E8400054C51 /* Project object */;
			proxyType = 1;
			remoteGlobalIDString = E6D59FD225260E8400054C51;
			remoteInfo = FriendsCollection;
		};
/* End PBXContainerItemProxy section */

/* Begin PBXFileReference section */
		E64397902526731400FF8434 /* CharacterPresenter.swift */ = {isa = PBXFileReference; lastKnownFileType = sourcecode.swift; path = CharacterPresenter.swift; sourceTree = "<group>"; };
		E6B52A1A25270FE7001C7987 /* CharacterEditForm.swift */ = {isa = PBXFileReference; lastKnownFileType = sourcecode.swift; path = CharacterEditForm.swift; sourceTree = "<group>"; };
		E6D59FD325260E8400054C51 /* FriendsCollection.app */ = {isa = PBXFileReference; explicitFileType = wrapper.application; includeInIndex = 0; path = FriendsCollection.app; sourceTree = BUILT_PRODUCTS_DIR; };
		E6D59FD625260E8400054C51 /* FriendsCollectionApp.swift */ = {isa = PBXFileReference; lastKnownFileType = sourcecode.swift; path = FriendsCollectionApp.swift; sourceTree = "<group>"; };
		E6D59FD825260E8400054C51 /* ContentView.swift */ = {isa = PBXFileReference; lastKnownFileType = sourcecode.swift; path = ContentView.swift; sourceTree = "<group>"; };
		E6D59FDA25260E8800054C51 /* Assets.xcassets */ = {isa = PBXFileReference; lastKnownFileType = folder.assetcatalog; path = Assets.xcassets; sourceTree = "<group>"; };
		E6D59FDD25260E8800054C51 /* Preview Assets.xcassets */ = {isa = PBXFileReference; lastKnownFileType = folder.assetcatalog; path = "Preview Assets.xcassets"; sourceTree = "<group>"; };
		E6D59FDF25260E8800054C51 /* Info.plist */ = {isa = PBXFileReference; lastKnownFileType = text.plist.xml; path = Info.plist; sourceTree = "<group>"; };
		E6D59FE425260E8900054C51 /* FriendsCollectionTests.xctest */ = {isa = PBXFileReference; explicitFileType = wrapper.cfbundle; includeInIndex = 0; path = FriendsCollectionTests.xctest; sourceTree = BUILT_PRODUCTS_DIR; };
		E6D59FE825260E8900054C51 /* FriendsCollectionTests.swift */ = {isa = PBXFileReference; lastKnownFileType = sourcecode.swift; path = FriendsCollectionTests.swift; sourceTree = "<group>"; };
		E6D59FEA25260E8900054C51 /* Info.plist */ = {isa = PBXFileReference; lastKnownFileType = text.plist.xml; path = Info.plist; sourceTree = "<group>"; };
		E6D59FEF25260E8900054C51 /* FriendsCollectionUITests.xctest */ = {isa = PBXFileReference; explicitFileType = wrapper.cfbundle; includeInIndex = 0; path = FriendsCollectionUITests.xctest; sourceTree = BUILT_PRODUCTS_DIR; };
		E6D59FF325260E8900054C51 /* FriendsCollectionUITests.swift */ = {isa = PBXFileReference; lastKnownFileType = sourcecode.swift; path = FriendsCollectionUITests.swift; sourceTree = "<group>"; };
		E6D59FF525260E8900054C51 /* Info.plist */ = {isa = PBXFileReference; lastKnownFileType = text.plist.xml; path = Info.plist; sourceTree = "<group>"; };
		E6D5A00525260ECC00054C51 /* Character.swift */ = {isa = PBXFileReference; lastKnownFileType = sourcecode.swift; path = Character.swift; sourceTree = "<group>"; };
		E6D5A00D25260FBA00054C51 /* CharacterDirectory.swift */ = {isa = PBXFileReference; lastKnownFileType = sourcecode.swift; path = CharacterDirectory.swift; sourceTree = "<group>"; };
		E6D5A01F2526213700054C51 /* FriendsCharacters.json */ = {isa = PBXFileReference; fileEncoding = 4; lastKnownFileType = text.json; path = FriendsCharacters.json; sourceTree = "<group>"; };
		E6D5A024252621D400054C51 /* DataConnector.swift */ = {isa = PBXFileReference; lastKnownFileType = sourcecode.swift; path = DataConnector.swift; sourceTree = "<group>"; };
/* End PBXFileReference section */

/* Begin PBXFrameworksBuildPhase section */
		E6D59FD025260E8400054C51 /* Frameworks */ = {
			isa = PBXFrameworksBuildPhase;
			buildActionMask = 2147483647;
			files = (
			);
			runOnlyForDeploymentPostprocessing = 0;
		};
		E6D59FE125260E8900054C51 /* Frameworks */ = {
			isa = PBXFrameworksBuildPhase;
			buildActionMask = 2147483647;
			files = (
			);
			runOnlyForDeploymentPostprocessing = 0;
		};
		E6D59FEC25260E8900054C51 /* Frameworks */ = {
			isa = PBXFrameworksBuildPhase;
			buildActionMask = 2147483647;
			files = (
			);
			runOnlyForDeploymentPostprocessing = 0;
		};
/* End PBXFrameworksBuildPhase section */

/* Begin PBXGroup section */
		E6D59FCA25260E8400054C51 = {
			isa = PBXGroup;
			children = (
				E6D59FD525260E8400054C51 /* FriendsCollection */,
				E6D59FE725260E8900054C51 /* FriendsCollectionTests */,
				E6D59FF225260E8900054C51 /* FriendsCollectionUITests */,
				E6D59FD425260E8400054C51 /* Products */,
			);
			sourceTree = "<group>";
		};
		E6D59FD425260E8400054C51 /* Products */ = {
			isa = PBXGroup;
			children = (
				E6D59FD325260E8400054C51 /* FriendsCollection.app */,
				E6D59FE425260E8900054C51 /* FriendsCollectionTests.xctest */,
				E6D59FEF25260E8900054C51 /* FriendsCollectionUITests.xctest */,
			);
			name = Products;
			sourceTree = "<group>";
		};
		E6D59FD525260E8400054C51 /* FriendsCollection */ = {
			isa = PBXGroup;
			children = (
				E6D5A018252613FA00054C51 /* Config */,
				E6D5A0122526132B00054C51 /* ModelControllers */,
				E6D5A00425260EA300054C51 /* Model */,
				E6D5A0132526134E00054C51 /* ViewModel */,
				E6D5A0142526136500054C51 /* View */,
				E6D59FD625260E8400054C51 /* FriendsCollectionApp.swift */,
				E6D59FDA25260E8800054C51 /* Assets.xcassets */,
				E6D59FDF25260E8800054C51 /* Info.plist */,
				E6D59FDC25260E8800054C51 /* Preview Content */,
			);
			path = FriendsCollection;
			sourceTree = "<group>";
		};
		E6D59FDC25260E8800054C51 /* Preview Content */ = {
			isa = PBXGroup;
			children = (
				E6D59FDD25260E8800054C51 /* Preview Assets.xcassets */,
			);
			path = "Preview Content";
			sourceTree = "<group>";
		};
		E6D59FE725260E8900054C51 /* FriendsCollectionTests */ = {
			isa = PBXGroup;
			children = (
				E6D59FE825260E8900054C51 /* FriendsCollectionTests.swift */,
				E6D59FEA25260E8900054C51 /* Info.plist */,
			);
			path = FriendsCollectionTests;
			sourceTree = "<group>";
		};
		E6D59FF225260E8900054C51 /* FriendsCollectionUITests */ = {
			isa = PBXGroup;
			children = (
				E6D59FF325260E8900054C51 /* FriendsCollectionUITests.swift */,
				E6D59FF525260E8900054C51 /* Info.plist */,
			);
			path = FriendsCollectionUITests;
			sourceTree = "<group>";
		};
		E6D5A00425260EA300054C51 /* Model */ = {
			isa = PBXGroup;
			children = (
				E6D5A00525260ECC00054C51 /* Character.swift */,
				E6D5A00D25260FBA00054C51 /* CharacterDirectory.swift */,
			);
			path = Model;
			sourceTree = "<group>";
		};
		E6D5A0122526132B00054C51 /* ModelControllers */ = {
			isa = PBXGroup;
			children = (
				E6D5A024252621D400054C51 /* DataConnector.swift */,
			);
			path = ModelControllers;
			sourceTree = "<group>";
		};
		E6D5A0132526134E00054C51 /* ViewModel */ = {
			isa = PBXGroup;
			children = (
				E64397902526731400FF8434 /* CharacterPresenter.swift */,
			);
			path = ViewModel;
			sourceTree = "<group>";
		};
		E6D5A0142526136500054C51 /* View */ = {
			isa = PBXGroup;
			children = (
				E6D59FD825260E8400054C51 /* ContentView.swift */,
				E6B52A1A25270FE7001C7987 /* CharacterEditForm.swift */,
			);
			path = View;
			sourceTree = "<group>";
		};
		E6D5A018252613FA00054C51 /* Config */ = {
			isa = PBXGroup;
			children = (
				E6D5A01F2526213700054C51 /* FriendsCharacters.json */,
			);
			path = Config;
			sourceTree = "<group>";
		};
/* End PBXGroup section */

/* Begin PBXNativeTarget section */
		E6D59FD225260E8400054C51 /* FriendsCollection */ = {
			isa = PBXNativeTarget;
			buildConfigurationList = E6D59FF825260E8900054C51 /* Build configuration list for PBXNativeTarget "FriendsCollection" */;
			buildPhases = (
				E6D59FCF25260E8400054C51 /* Sources */,
				E6D59FD025260E8400054C51 /* Frameworks */,
				E6D59FD125260E8400054C51 /* Resources */,
			);
			buildRules = (
			);
			dependencies = (
			);
			name = FriendsCollection;
			productName = FriendsCollection;
			productReference = E6D59FD325260E8400054C51 /* FriendsCollection.app */;
			productType = "com.apple.product-type.application";
		};
		E6D59FE325260E8900054C51 /* FriendsCollectionTests */ = {
			isa = PBXNativeTarget;
			buildConfigurationList = E6D59FFB25260E8900054C51 /* Build configuration list for PBXNativeTarget "FriendsCollectionTests" */;
			buildPhases = (
				E6D59FE025260E8900054C51 /* Sources */,
				E6D59FE125260E8900054C51 /* Frameworks */,
				E6D59FE225260E8900054C51 /* Resources */,
			);
			buildRules = (
			);
			dependencies = (
				E6D59FE625260E8900054C51 /* PBXTargetDependency */,
			);
			name = FriendsCollectionTests;
			productName = FriendsCollectionTests;
			productReference = E6D59FE425260E8900054C51 /* FriendsCollectionTests.xctest */;
			productType = "com.apple.product-type.bundle.unit-test";
		};
		E6D59FEE25260E8900054C51 /* FriendsCollectionUITests */ = {
			isa = PBXNativeTarget;
			buildConfigurationList = E6D59FFE25260E8900054C51 /* Build configuration list for PBXNativeTarget "FriendsCollectionUITests" */;
			buildPhases = (
				E6D59FEB25260E8900054C51 /* Sources */,
				E6D59FEC25260E8900054C51 /* Frameworks */,
				E6D59FED25260E8900054C51 /* Resources */,
			);
			buildRules = (
			);
			dependencies = (
				E6D59FF125260E8900054C51 /* PBXTargetDependency */,
			);
			name = FriendsCollectionUITests;
			productName = FriendsCollectionUITests;
			productReference = E6D59FEF25260E8900054C51 /* FriendsCollectionUITests.xctest */;
			productType = "com.apple.product-type.bundle.ui-testing";
		};
/* End PBXNativeTarget section */

/* Begin PBXProject section */
		E6D59FCB25260E8400054C51 /* Project object */ = {
			isa = PBXProject;
			attributes = {
				LastSwiftUpdateCheck = 1200;
				LastUpgradeCheck = 1200;
				TargetAttributes = {
					E6D59FD225260E8400054C51 = {
						CreatedOnToolsVersion = 12.0.1;
					};
					E6D59FE325260E8900054C51 = {
						CreatedOnToolsVersion = 12.0.1;
						TestTargetID = E6D59FD225260E8400054C51;
					};
					E6D59FEE25260E8900054C51 = {
						CreatedOnToolsVersion = 12.0.1;
						TestTargetID = E6D59FD225260E8400054C51;
					};
				};
			};
			buildConfigurationList = E6D59FCE25260E8400054C51 /* Build configuration list for PBXProject "FriendsCollection" */;
			compatibilityVersion = "Xcode 9.3";
			developmentRegion = en;
			hasScannedForEncodings = 0;
			knownRegions = (
				en,
				Base,
			);
			mainGroup = E6D59FCA25260E8400054C51;
			productRefGroup = E6D59FD425260E8400054C51 /* Products */;
			projectDirPath = "";
			projectRoot = "";
			targets = (
				E6D59FD225260E8400054C51 /* FriendsCollection */,
				E6D59FE325260E8900054C51 /* FriendsCollectionTests */,
				E6D59FEE25260E8900054C51 /* FriendsCollectionUITests */,
			);
		};
/* End PBXProject section */

/* Begin PBXResourcesBuildPhase section */
		E6D59FD125260E8400054C51 /* Resources */ = {
			isa = PBXResourcesBuildPhase;
			buildActionMask = 2147483647;
			files = (
				E6D59FDE25260E8800054C51 /* Preview Assets.xcassets in Resources */,
				E6D59FDB25260E8800054C51 /* Assets.xcassets in Resources */,
				E6D5A0202526213700054C51 /* FriendsCharacters.json in Resources */,
			);
			runOnlyForDeploymentPostprocessing = 0;
		};
		E6D59FE225260E8900054C51 /* Resources */ = {
			isa = PBXResourcesBuildPhase;
			buildActionMask = 2147483647;
			files = (
			);
			runOnlyForDeploymentPostprocessing = 0;
		};
		E6D59FED25260E8900054C51 /* Resources */ = {
			isa = PBXResourcesBuildPhase;
			buildActionMask = 2147483647;
			files = (
			);
			runOnlyForDeploymentPostprocessing = 0;
		};
/* End PBXResourcesBuildPhase section */

/* Begin PBXSourcesBuildPhase section */
		E6D59FCF25260E8400054C51 /* Sources */ = {
			isa = PBXSourcesBuildPhase;
			buildActionMask = 2147483647;
			files = (
				E64397912526731400FF8434 /* CharacterPresenter.swift in Sources */,
				E6D5A00625260ECC00054C51 /* Character.swift in Sources */,
				E6D5A00E25260FBA00054C51 /* CharacterDirectory.swift in Sources */,
				E6D59FD925260E8400054C51 /* ContentView.swift in Sources */,
				E6D59FD725260E8400054C51 /* FriendsCollectionApp.swift in Sources */,
				E6B52A1B25270FE7001C7987 /* CharacterEditForm.swift in Sources */,
				E6D5A025252621D400054C51 /* DataConnector.swift in Sources */,
			);
			runOnlyForDeploymentPostprocessing = 0;
		};
		E6D59FE025260E8900054C51 /* Sources */ = {
			isa = PBXSourcesBuildPhase;
			buildActionMask = 2147483647;
			files = (
				E6D59FE925260E8900054C51 /* FriendsCollectionTests.swift in Sources */,
			);
			runOnlyForDeploymentPostprocessing = 0;
		};
		E6D59FEB25260E8900054C51 /* Sources */ = {
			isa = PBXSourcesBuildPhase;
			buildActionMask = 2147483647;
			files = (
				E6D59FF425260E8900054C51 /* FriendsCollectionUITests.swift in Sources */,
			);
			runOnlyForDeploymentPostprocessing = 0;
		};
/* End PBXSourcesBuildPhase section */

/* Begin PBXTargetDependency section */
		E6D59FE625260E8900054C51 /* PBXTargetDependency */ = {
			isa = PBXTargetDependency;
			target = E6D59FD225260E8400054C51 /* FriendsCollection */;
			targetProxy = E6D59FE525260E8900054C51 /* PBXContainerItemProxy */;
		};
		E6D59FF125260E8900054C51 /* PBXTargetDependency */ = {
			isa = PBXTargetDependency;
			target = E6D59FD225260E8400054C51 /* FriendsCollection */;
			targetProxy = E6D59FF025260E8900054C51 /* PBXContainerItemProxy */;
		};
/* End PBXTargetDependency section */

/* Begin XCBuildConfiguration section */
		E6D59FF625260E8900054C51 /* Debug */ = {
			isa = XCBuildConfiguration;
			buildSettings = {
				ALWAYS_SEARCH_USER_PATHS = NO;
				CLANG_ANALYZER_NONNULL = YES;
				CLANG_ANALYZER_NUMBER_OBJECT_CONVERSION = YES_AGGRESSIVE;
				CLANG_CXX_LANGUAGE_STANDARD = "gnu++14";
				CLANG_CXX_LIBRARY = "libc++";
				CLANG_ENABLE_MODULES = YES;
				CLANG_ENABLE_OBJC_ARC = YES;
				CLANG_ENABLE_OBJC_WEAK = YES;
				CLANG_WARN_BLOCK_CAPTURE_AUTORELEASING = YES;
				CLANG_WARN_BOOL_CONVERSION = YES;
				CLANG_WARN_COMMA = YES;
				CLANG_WARN_CONSTANT_CONVERSION = YES;
				CLANG_WARN_DEPRECATED_OBJC_IMPLEMENTATIONS = YES;
				CLANG_WARN_DIRECT_OBJC_ISA_USAGE = YES_ERROR;
				CLANG_WARN_DOCUMENTATION_COMMENTS = YES;
				CLANG_WARN_EMPTY_BODY = YES;
				CLANG_WARN_ENUM_CONVERSION = YES;
				CLANG_WARN_INFINITE_RECURSION = YES;
				CLANG_WARN_INT_CONVERSION = YES;
				CLANG_WARN_NON_LITERAL_NULL_CONVERSION = YES;
				CLANG_WARN_OBJC_IMPLICIT_RETAIN_SELF = YES;
				CLANG_WARN_OBJC_LITERAL_CONVERSION = YES;
				CLANG_WARN_OBJC_ROOT_CLASS = YES_ERROR;
				CLANG_WARN_QUOTED_INCLUDE_IN_FRAMEWORK_HEADER = YES;
				CLANG_WARN_RANGE_LOOP_ANALYSIS = YES;
				CLANG_WARN_STRICT_PROTOTYPES = YES;
				CLANG_WARN_SUSPICIOUS_MOVE = YES;
				CLANG_WARN_UNGUARDED_AVAILABILITY = YES_AGGRESSIVE;
				CLANG_WARN_UNREACHABLE_CODE = YES;
				CLANG_WARN__DUPLICATE_METHOD_MATCH = YES;
				COPY_PHASE_STRIP = NO;
				DEBUG_INFORMATION_FORMAT = dwarf;
				ENABLE_STRICT_OBJC_MSGSEND = YES;
				ENABLE_TESTABILITY = YES;
				GCC_C_LANGUAGE_STANDARD = gnu11;
				GCC_DYNAMIC_NO_PIC = NO;
				GCC_NO_COMMON_BLOCKS = YES;
				GCC_OPTIMIZATION_LEVEL = 0;
				GCC_PREPROCESSOR_DEFINITIONS = (
					"DEBUG=1",
					"$(inherited)",
				);
				GCC_WARN_64_TO_32_BIT_CONVERSION = YES;
				GCC_WARN_ABOUT_RETURN_TYPE = YES_ERROR;
				GCC_WARN_UNDECLARED_SELECTOR = YES;
				GCC_WARN_UNINITIALIZED_AUTOS = YES_AGGRESSIVE;
				GCC_WARN_UNUSED_FUNCTION = YES;
				GCC_WARN_UNUSED_VARIABLE = YES;
				IPHONEOS_DEPLOYMENT_TARGET = 14.0;
				MTL_ENABLE_DEBUG_INFO = INCLUDE_SOURCE;
				MTL_FAST_MATH = YES;
				ONLY_ACTIVE_ARCH = YES;
				SDKROOT = iphoneos;
				SWIFT_ACTIVE_COMPILATION_CONDITIONS = DEBUG;
				SWIFT_OPTIMIZATION_LEVEL = "-Onone";
			};
			name = Debug;
		};
		E6D59FF725260E8900054C51 /* Release */ = {
			isa = XCBuildConfiguration;
			buildSettings = {
				ALWAYS_SEARCH_USER_PATHS = NO;
				CLANG_ANALYZER_NONNULL = YES;
				CLANG_ANALYZER_NUMBER_OBJECT_CONVERSION = YES_AGGRESSIVE;
				CLANG_CXX_LANGUAGE_STANDARD = "gnu++14";
				CLANG_CXX_LIBRARY = "libc++";
				CLANG_ENABLE_MODULES = YES;
				CLANG_ENABLE_OBJC_ARC = YES;
				CLANG_ENABLE_OBJC_WEAK = YES;
				CLANG_WARN_BLOCK_CAPTURE_AUTORELEASING = YES;
				CLANG_WARN_BOOL_CONVERSION = YES;
				CLANG_WARN_COMMA = YES;
				CLANG_WARN_CONSTANT_CONVERSION = YES;
				CLANG_WARN_DEPRECATED_OBJC_IMPLEMENTATIONS = YES;
				CLANG_WARN_DIRECT_OBJC_ISA_USAGE = YES_ERROR;
				CLANG_WARN_DOCUMENTATION_COMMENTS = YES;
				CLANG_WARN_EMPTY_BODY = YES;
				CLANG_WARN_ENUM_CONVERSION = YES;
				CLANG_WARN_INFINITE_RECURSION = YES;
				CLANG_WARN_INT_CONVERSION = YES;
				CLANG_WARN_NON_LITERAL_NULL_CONVERSION = YES;
				CLANG_WARN_OBJC_IMPLICIT_RETAIN_SELF = YES;
				CLANG_WARN_OBJC_LITERAL_CONVERSION = YES;
				CLANG_WARN_OBJC_ROOT_CLASS = YES_ERROR;
				CLANG_WARN_QUOTED_INCLUDE_IN_FRAMEWORK_HEADER = YES;
				CLANG_WARN_RANGE_LOOP_ANALYSIS = YES;
				CLANG_WARN_STRICT_PROTOTYPES = YES;
				CLANG_WARN_SUSPICIOUS_MOVE = YES;
				CLANG_WARN_UNGUARDED_AVAILABILITY = YES_AGGRESSIVE;
				CLANG_WARN_UNREACHABLE_CODE = YES;
				CLANG_WARN__DUPLICATE_METHOD_MATCH = YES;
				COPY_PHASE_STRIP = NO;
				DEBUG_INFORMATION_FORMAT = "dwarf-with-dsym";
				ENABLE_NS_ASSERTIONS = NO;
				ENABLE_STRICT_OBJC_MSGSEND = YES;
				GCC_C_LANGUAGE_STANDARD = gnu11;
				GCC_NO_COMMON_BLOCKS = YES;
				GCC_WARN_64_TO_32_BIT_CONVERSION = YES;
				GCC_WARN_ABOUT_RETURN_TYPE = YES_ERROR;
				GCC_WARN_UNDECLARED_SELECTOR = YES;
				GCC_WARN_UNINITIALIZED_AUTOS = YES_AGGRESSIVE;
				GCC_WARN_UNUSED_FUNCTION = YES;
				GCC_WARN_UNUSED_VARIABLE = YES;
				IPHONEOS_DEPLOYMENT_TARGET = 14.0;
				MTL_ENABLE_DEBUG_INFO = NO;
				MTL_FAST_MATH = YES;
				SDKROOT = iphoneos;
				SWIFT_COMPILATION_MODE = wholemodule;
				SWIFT_OPTIMIZATION_LEVEL = "-O";
				VALIDATE_PRODUCT = YES;
			};
			name = Release;
		};
		E6D59FF925260E8900054C51 /* Debug */ = {
			isa = XCBuildConfiguration;
			buildSettings = {
				ASSETCATALOG_COMPILER_APPICON_NAME = AppIcon;
				ASSETCATALOG_COMPILER_GLOBAL_ACCENT_COLOR_NAME = AccentColor;
				CODE_SIGN_STYLE = Automatic;
				DEVELOPMENT_ASSET_PATHS = "\"FriendsCollection/Preview Content\"";
				DEVELOPMENT_TEAM = ZYPVSX598R;
				ENABLE_PREVIEWS = YES;
				INFOPLIST_FILE = FriendsCollection/Info.plist;
				IPHONEOS_DEPLOYMENT_TARGET = 14.0;
				LD_RUNPATH_SEARCH_PATHS = (
					"$(inherited)",
					"@executable_path/Frameworks",
				);
				PRODUCT_BUNDLE_IDENTIFIER = fr.consulting.myjobly.FriendsCollection;
				PRODUCT_NAME = "$(TARGET_NAME)";
				SWIFT_VERSION = 5.0;
				TARGETED_DEVICE_FAMILY = "1,2";
			};
			name = Debug;
		};
		E6D59FFA25260E8900054C51 /* Release */ = {
			isa = XCBuildConfiguration;
			buildSettings = {
				ASSETCATALOG_COMPILER_APPICON_NAME = AppIcon;
				ASSETCATALOG_COMPILER_GLOBAL_ACCENT_COLOR_NAME = AccentColor;
				CODE_SIGN_STYLE = Automatic;
				DEVELOPMENT_ASSET_PATHS = "\"FriendsCollection/Preview Content\"";
				DEVELOPMENT_TEAM = ZYPVSX598R;
				ENABLE_PREVIEWS = YES;
				INFOPLIST_FILE = FriendsCollection/Info.plist;
				IPHONEOS_DEPLOYMENT_TARGET = 14.0;
				LD_RUNPATH_SEARCH_PATHS = (
					"$(inherited)",
					"@executable_path/Frameworks",
				);
				PRODUCT_BUNDLE_IDENTIFIER = fr.consulting.myjobly.FriendsCollection;
				PRODUCT_NAME = "$(TARGET_NAME)";
				SWIFT_VERSION = 5.0;
				TARGETED_DEVICE_FAMILY = "1,2";
			};
			name = Release;
		};
		E6D59FFC25260E8900054C51 /* Debug */ = {
			isa = XCBuildConfiguration;
			buildSettings = {
				ALWAYS_EMBED_SWIFT_STANDARD_LIBRARIES = YES;
				BUNDLE_LOADER = "$(TEST_HOST)";
				CODE_SIGN_STYLE = Automatic;
				DEVELOPMENT_TEAM = ZYPVSX598R;
				INFOPLIST_FILE = FriendsCollectionTests/Info.plist;
				IPHONEOS_DEPLOYMENT_TARGET = 14.0;
				LD_RUNPATH_SEARCH_PATHS = (
					"$(inherited)",
					"@executable_path/Frameworks",
					"@loader_path/Frameworks",
				);
				PRODUCT_BUNDLE_IDENTIFIER = fr.consulting.myjobly.FriendsCollectionTests;
				PRODUCT_NAME = "$(TARGET_NAME)";
				SWIFT_VERSION = 5.0;
				TARGETED_DEVICE_FAMILY = "1,2";
				TEST_HOST = "$(BUILT_PRODUCTS_DIR)/FriendsCollection.app/FriendsCollection";
			};
			name = Debug;
		};
		E6D59FFD25260E8900054C51 /* Release */ = {
			isa = XCBuildConfiguration;
			buildSettings = {
				ALWAYS_EMBED_SWIFT_STANDARD_LIBRARIES = YES;
				BUNDLE_LOADER = "$(TEST_HOST)";
				CODE_SIGN_STYLE = Automatic;
				DEVELOPMENT_TEAM = ZYPVSX598R;
				INFOPLIST_FILE = FriendsCollectionTests/Info.plist;
				IPHONEOS_DEPLOYMENT_TARGET = 14.0;
				LD_RUNPATH_SEARCH_PATHS = (
					"$(inherited)",
					"@executable_path/Frameworks",
					"@loader_path/Frameworks",
				);
				PRODUCT_BUNDLE_IDENTIFIER = fr.consulting.myjobly.FriendsCollectionTests;
				PRODUCT_NAME = "$(TARGET_NAME)";
				SWIFT_VERSION = 5.0;
				TARGETED_DEVICE_FAMILY = "1,2";
				TEST_HOST = "$(BUILT_PRODUCTS_DIR)/FriendsCollection.app/FriendsCollection";
			};
			name = Release;
		};
		E6D59FFF25260E8900054C51 /* Debug */ = {
			isa = XCBuildConfiguration;
			buildSettings = {
				ALWAYS_EMBED_SWIFT_STANDARD_LIBRARIES = YES;
				CODE_SIGN_STYLE = Automatic;
				DEVELOPMENT_TEAM = ZYPVSX598R;
				INFOPLIST_FILE = FriendsCollectionUITests/Info.plist;
				LD_RUNPATH_SEARCH_PATHS = (
					"$(inherited)",
					"@executable_path/Frameworks",
					"@loader_path/Frameworks",
				);
				PRODUCT_BUNDLE_IDENTIFIER = fr.consulting.myjobly.FriendsCollectionUITests;
				PRODUCT_NAME = "$(TARGET_NAME)";
				SWIFT_VERSION = 5.0;
				TARGETED_DEVICE_FAMILY = "1,2";
				TEST_TARGET_NAME = FriendsCollection;
			};
			name = Debug;
		};
		E6D5A00025260E8900054C51 /* Release */ = {
			isa = XCBuildConfiguration;
			buildSettings = {
				ALWAYS_EMBED_SWIFT_STANDARD_LIBRARIES = YES;
				CODE_SIGN_STYLE = Automatic;
				DEVELOPMENT_TEAM = ZYPVSX598R;
				INFOPLIST_FILE = FriendsCollectionUITests/Info.plist;
				LD_RUNPATH_SEARCH_PATHS = (
					"$(inherited)",
					"@executable_path/Frameworks",
					"@loader_path/Frameworks",
				);
				PRODUCT_BUNDLE_IDENTIFIER = fr.consulting.myjobly.FriendsCollectionUITests;
				PRODUCT_NAME = "$(TARGET_NAME)";
				SWIFT_VERSION = 5.0;
				TARGETED_DEVICE_FAMILY = "1,2";
				TEST_TARGET_NAME = FriendsCollection;
			};
			name = Release;
		};
/* End XCBuildConfiguration section */

/* Begin XCConfigurationList section */
		E6D59FCE25260E8400054C51 /* Build configuration list for PBXProject "FriendsCollection" */ = {
			isa = XCConfigurationList;
			buildConfigurations = (
				E6D59FF625260E8900054C51 /* Debug */,
				E6D59FF725260E8900054C51 /* Release */,
			);
			defaultConfigurationIsVisible = 0;
			defaultConfigurationName = Release;
		};
		E6D59FF825260E8900054C51 /* Build configuration list for PBXNativeTarget "FriendsCollection" */ = {
			isa = XCConfigurationList;
			buildConfigurations = (
				E6D59FF925260E8900054C51 /* Debug */,
				E6D59FFA25260E8900054C51 /* Release */,
			);
			defaultConfigurationIsVisible = 0;
			defaultConfigurationName = Release;
		};
		E6D59FFB25260E8900054C51 /* Build configuration list for PBXNativeTarget "FriendsCollectionTests" */ = {
			isa = XCConfigurationList;
			buildConfigurations = (
				E6D59FFC25260E8900054C51 /* Debug */,
				E6D59FFD25260E8900054C51 /* Release */,
			);
			defaultConfigurationIsVisible = 0;
			defaultConfigurationName = Release;
		};
		E6D59FFE25260E8900054C51 /* Build configuration list for PBXNativeTarget "FriendsCollectionUITests" */ = {
			isa = XCConfigurationList;
			buildConfigurations = (
				E6D59FFF25260E8900054C51 /* Debug */,
				E6D5A00025260E8900054C51 /* Release */,
			);
			defaultConfigurationIsVisible = 0;
			defaultConfigurationName = Release;
		};
/* End XCConfigurationList section */
	};
	rootObject = E6D59FCB25260E8400054C51 /* Project object */;
}
